PODS:
  - AFNetworking (3.2.1):
    - AFNetworking/NSURLSession (= 3.2.1)
    - AFNetworking/Reachability (= 3.2.1)
    - AFNetworking/Security (= 3.2.1)
    - AFNetworking/Serialization (= 3.2.1)
    - AFNetworking/UIKit (= 3.2.1)
  - AFNetworking/NSURLSession (3.2.1):
    - AFNetworking/Reachability
    - AFNetworking/Security
    - AFNetworking/Serialization
  - AFNetworking/Reachability (3.2.1)
  - AFNetworking/Security (3.2.1)
  - AFNetworking/Serialization (3.2.1)
  - AFNetworking/UIKit (3.2.1):
    - AFNetworking/NSURLSession
  - Masonry (1.1.0)
  - ZRControllerTranstion (0.0.3)
  - ZRProgressView (0.0.6)

DEPENDENCIES:
  - AFNetworking (~> 3.2.1)
  - Masonry (~> 1.1.0)
  - ZRControllerTranstion (~> 0.0.3)
  - ZRProgressView (~> 0.0.6)

SPEC REPOS:
  https://github.com/CocoaPods/Specs.git:
    - AFNetworking
    - Masonry
    - ZRControllerTranstion
    - ZRProgressView

SPEC CHECKSUMS:
  AFNetworking: b6f891fdfaed196b46c7a83cf209e09697b94057
  Masonry: 678fab65091a9290e40e2832a55e7ab731aad201
  ZRControllerTranstion: 44e394e79cb969bf672b46f5feca38482d14cb9b
  ZRProgressView: 9ad3e027ca47e2e4f480934f63c7c5be88495a26

PODFILE CHECKSUM: 7343fdbf4179c866ce4ec577c9db59a66d295c5b

COCOAPODS: 1.5.0
